PODS:
  - Alamofire (5.5.0)
  - Stripe (22.6.0):
    - Stripe/Stripe3DS2 (= 22.6.0)
    - StripeApplePay (= 22.6.0)
    - StripeCore (= 22.6.0)
    - StripeUICore (= 22.6.0)
  - Stripe/Stripe3DS2 (22.6.0):
    - StripeApplePay (= 22.6.0)
    - StripeCore (= 22.6.0)
    - StripeUICore (= 22.6.0)
  - StripeApplePay (22.6.0):
    - StripeCore (= 22.6.0)
  - StripeCore (22.6.0)
  - StripeUICore (22.6.0):
    - StripeCore (= 22.6.0)

DEPENDENCIES:
  - Alamofire
  - Stripe

SPEC REPOS:
  trunk:
    - Alamofire
    - Stripe
    - StripeApplePay
    - StripeCore
    - StripeUICore

SPEC CHECKSUMS:
  Alamofire: 1c4fb5369c3fe93d2857c780d8bbe09f06f97e7c
  Stripe: 4dfbdf728f31b178f682bde8709336ec9a2c29e8
  StripeApplePay: 5c1a8b4b017c48f824dfb27e6ea05a328d7c57c8
  StripeCore: 9b44be7bcfe6905257f5094ab2d76fdf8adb5747
  StripeUICore: b09d3bc4f00ebc3f3b415e429df3454a575a3a13

PODFILE CHECKSUM: 3a8afbf8f22e78555755323175943ad1ee954d2e

COCOAPODS: 1.11.2
